
Microsoft Visual Studio Solution File, Format Version 12.00
# Visual Studio Version 16
VisualStudioVersion = 16.0.34729.46
MinimumVisualStudioVersion = 10.0.40219.1
Project("{FAE04EC0-301F-11D3-BF4B-00C04F79EFBC}") = "wisdomserverExchange", "wisdomserverExchange\wisdomserverExchange.csproj", "{975E0419-CF0D-453B-8F98-0D0864FEE449}"
EndProject
Project("{FAE04EC0-301F-11D3-BF4B-00C04F79EFBC}") = "HyperActive", "HyperActive\HyperActive.csproj", "{75BF3046-AE6E-49F4-ADEF-B94CD76D5755}"
EndProject
Project("{FAE04EC0-301F-11D3-BF4B-00C04F79EFBC}") = "HI.Conn", "HI.Conn\HI.Conn.csproj", "{7A2DB722-B4B4-4C9A-B624-4763812CA5AB}"
EndProject
Project("{FAE04EC0-301F-11D3-BF4B-00C04F79EFBC}") = "HyperActiveWF", "HyperActiveWF\HyperActiveWF.csproj", "{C17D7A9D-0B82-4304-842D-CE2790B9F6A2}"
EndProject
Global
	GlobalSection(SolutionConfigurationPlatforms) = preSolution
		Debug|Any CPU = Debug|Any CPU
		Debug|ARM = Debug|ARM
		Debug|ARM64 = Debug|ARM64
		Debug|x64 = Debug|x64
		Debug|x86 = Debug|x86
		Release|Any CPU = Release|Any CPU
		Release|ARM = Release|ARM
		Release|ARM64 = Release|ARM64
		Release|x64 = Release|x64
		Release|x86 = Release|x86
	EndGlobalSection
	GlobalSection(ProjectConfigurationPlatforms) = postSolution
		{975E0419-CF0D-453B-8F98-0D0864FEE449}.Debug|Any CPU.ActiveCfg = Debug|Any CPU
		{975E0419-CF0D-453B-8F98-0D0864FEE449}.Debug|Any CPU.Build.0 = Debug|Any CPU
		{975E0419-CF0D-453B-8F98-0D0864FEE449}.Debug|ARM.ActiveCfg = Debug|Any CPU
		{975E0419-CF0D-453B-8F98-0D0864FEE449}.Debug|ARM.Build.0 = Debug|Any CPU
		{975E0419-CF0D-453B-8F98-0D0864FEE449}.Debug|ARM64.ActiveCfg = Debug|Any CPU
		{975E0419-CF0D-453B-8F98-0D0864FEE449}.Debug|ARM64.Build.0 = Debug|Any CPU
		{975E0419-CF0D-453B-8F98-0D0864FEE449}.Debug|x64.ActiveCfg = Debug|Any CPU
		{975E0419-CF0D-453B-8F98-0D0864FEE449}.Debug|x64.Build.0 = Debug|Any CPU
		{975E0419-CF0D-453B-8F98-0D0864FEE449}.Debug|x86.ActiveCfg = Debug|Any CPU
		{975E0419-CF0D-453B-8F98-0D0864FEE449}.Debug|x86.Build.0 = Debug|Any CPU
		{975E0419-CF0D-453B-8F98-0D0864FEE449}.Release|Any CPU.ActiveCfg = Release|Any CPU
		{975E0419-CF0D-453B-8F98-0D0864FEE449}.Release|Any CPU.Build.0 = Release|Any CPU
		{975E0419-CF0D-453B-8F98-0D0864FEE449}.Release|ARM.ActiveCfg = Release|Any CPU
		{975E0419-CF0D-453B-8F98-0D0864FEE449}.Release|ARM.Build.0 = Release|Any CPU
		{975E0419-CF0D-453B-8F98-0D0864FEE449}.Release|ARM64.ActiveCfg = Release|Any CPU
		{975E0419-CF0D-453B-8F98-0D0864FEE449}.Release|ARM64.Build.0 = Release|Any CPU
		{975E0419-CF0D-453B-8F98-0D0864FEE449}.Release|x64.ActiveCfg = Release|Any CPU
		{975E0419-CF0D-453B-8F98-0D0864FEE449}.Release|x64.Build.0 = Release|Any CPU
		{975E0419-CF0D-453B-8F98-0D0864FEE449}.Release|x86.ActiveCfg = Release|Any CPU
		{975E0419-CF0D-453B-8F98-0D0864FEE449}.Release|x86.Build.0 = Release|Any CPU
		{75BF3046-AE6E-49F4-ADEF-B94CD76D5755}.Debug|Any CPU.ActiveCfg = Debug|Any CPU
		{75BF3046-AE6E-49F4-ADEF-B94CD76D5755}.Debug|Any CPU.Build.0 = Debug|Any CPU
		{75BF3046-AE6E-49F4-ADEF-B94CD76D5755}.Debug|ARM.ActiveCfg = Debug|Any CPU
		{75BF3046-AE6E-49F4-ADEF-B94CD76D5755}.Debug|ARM.Build.0 = Debug|Any CPU
		{75BF3046-AE6E-49F4-ADEF-B94CD76D5755}.Debug|ARM64.ActiveCfg = Debug|Any CPU
		{75BF3046-AE6E-49F4-ADEF-B94CD76D5755}.Debug|ARM64.Build.0 = Debug|Any CPU
		{75BF3046-AE6E-49F4-ADEF-B94CD76D5755}.Debug|x64.ActiveCfg = Debug|Any CPU
		{75BF3046-AE6E-49F4-ADEF-B94CD76D5755}.Debug|x64.Build.0 = Debug|Any CPU
		{75BF3046-AE6E-49F4-ADEF-B94CD76D5755}.Debug|x86.ActiveCfg = Debug|Any CPU
		{75BF3046-AE6E-49F4-ADEF-B94CD76D5755}.Debug|x86.Build.0 = Debug|Any CPU
		{75BF3046-AE6E-49F4-ADEF-B94CD76D5755}.Release|Any CPU.ActiveCfg = Release|Any CPU
		{75BF3046-AE6E-49F4-ADEF-B94CD76D5755}.Release|Any CPU.Build.0 = Release|Any CPU
		{75BF3046-AE6E-49F4-ADEF-B94CD76D5755}.Release|ARM.ActiveCfg = Release|Any CPU
		{75BF3046-AE6E-49F4-ADEF-B94CD76D5755}.Release|ARM.Build.0 = Release|Any CPU
		{75BF3046-AE6E-49F4-ADEF-B94CD76D5755}.Release|ARM64.ActiveCfg = Release|Any CPU
		{75BF3046-AE6E-49F4-ADEF-B94CD76D5755}.Release|ARM64.Build.0 = Release|Any CPU
		{75BF3046-AE6E-49F4-ADEF-B94CD76D5755}.Release|x64.ActiveCfg = Release|Any CPU
		{75BF3046-AE6E-49F4-ADEF-B94CD76D5755}.Release|x64.Build.0 = Release|Any CPU
		{75BF3046-AE6E-49F4-ADEF-B94CD76D5755}.Release|x86.ActiveCfg = Release|Any CPU
		{75BF3046-AE6E-49F4-ADEF-B94CD76D5755}.Release|x86.Build.0 = Release|Any CPU
		{7A2DB722-B4B4-4C9A-B624-4763812CA5AB}.Debug|Any CPU.ActiveCfg = Debug|Any CPU
		{7A2DB722-B4B4-4C9A-B624-4763812CA5AB}.Debug|Any CPU.Build.0 = Debug|Any CPU
		{7A2DB722-B4B4-4C9A-B624-4763812CA5AB}.Debug|ARM.ActiveCfg = Debug|Any CPU
		{7A2DB722-B4B4-4C9A-B624-4763812CA5AB}.Debug|ARM.Build.0 = Debug|Any CPU
		{7A2DB722-B4B4-4C9A-B624-4763812CA5AB}.Debug|ARM64.ActiveCfg = Debug|Any CPU
		{7A2DB722-B4B4-4C9A-B624-4763812CA5AB}.Debug|ARM64.Build.0 = Debug|Any CPU
		{7A2DB722-B4B4-4C9A-B624-4763812CA5AB}.Debug|x64.ActiveCfg = Debug|Any CPU
		{7A2DB722-B4B4-4C9A-B624-4763812CA5AB}.Debug|x64.Build.0 = Debug|Any CPU
		{7A2DB722-B4B4-4C9A-B624-4763812CA5AB}.Debug|x86.ActiveCfg = Debug|Any CPU
		{7A2DB722-B4B4-4C9A-B624-4763812CA5AB}.Debug|x86.Build.0 = Debug|Any CPU
		{7A2DB722-B4B4-4C9A-B624-4763812CA5AB}.Release|Any CPU.ActiveCfg = Release|Any CPU
		{7A2DB722-B4B4-4C9A-B624-4763812CA5AB}.Release|Any CPU.Build.0 = Release|Any CPU
		{7A2DB722-B4B4-4C9A-B624-4763812CA5AB}.Release|ARM.ActiveCfg = Release|Any CPU
		{7A2DB722-B4B4-4C9A-B624-4763812CA5AB}.Release|ARM.Build.0 = Release|Any CPU
		{7A2DB722-B4B4-4C9A-B624-4763812CA5AB}.Release|ARM64.ActiveCfg = Release|Any CPU
		{7A2DB722-B4B4-4C9A-B624-4763812CA5AB}.Release|ARM64.Build.0 = Release|Any CPU
		{7A2DB722-B4B4-4C9A-B624-4763812CA5AB}.Release|x64.ActiveCfg = Release|Any CPU
		{7A2DB722-B4B4-4C9A-B624-4763812CA5AB}.Release|x64.Build.0 = Release|Any CPU
		{7A2DB722-B4B4-4C9A-B624-4763812CA5AB}.Release|x86.ActiveCfg = Release|Any CPU
		{7A2DB722-B4B4-4C9A-B624-4763812CA5AB}.Release|x86.Build.0 = Release|Any CPU
		{C17D7A9D-0B82-4304-842D-CE2790B9F6A2}.Debug|Any CPU.ActiveCfg = Debug|Any CPU
		{C17D7A9D-0B82-4304-842D-CE2790B9F6A2}.Debug|Any CPU.Build.0 = Debug|Any CPU
		{C17D7A9D-0B82-4304-842D-CE2790B9F6A2}.Debug|ARM.ActiveCfg = Debug|Any CPU
		{C17D7A9D-0B82-4304-842D-CE2790B9F6A2}.Debug|ARM.Build.0 = Debug|Any CPU
		{C17D7A9D-0B82-4304-842D-CE2790B9F6A2}.Debug|ARM64.ActiveCfg = Debug|Any CPU
		{C17D7A9D-0B82-4304-842D-CE2790B9F6A2}.Debug|ARM64.Build.0 = Debug|Any CPU
		{C17D7A9D-0B82-4304-842D-CE2790B9F6A2}.Debug|x64.ActiveCfg = Debug|Any CPU
		{C17D7A9D-0B82-4304-842D-CE2790B9F6A2}.Debug|x64.Build.0 = Debug|Any CPU
		{C17D7A9D-0B82-4304-842D-CE2790B9F6A2}.Debug|x86.ActiveCfg = Debug|Any CPU
		{C17D7A9D-0B82-4304-842D-CE2790B9F6A2}.Debug|x86.Build.0 = Debug|Any CPU
		{C17D7A9D-0B82-4304-842D-CE2790B9F6A2}.Release|Any CPU.ActiveCfg = Release|Any CPU
		{C17D7A9D-0B82-4304-842D-CE2790B9F6A2}.Release|Any CPU.Build.0 = Release|Any CPU
		{C17D7A9D-0B82-4304-842D-CE2790B9F6A2}.Release|ARM.ActiveCfg = Release|Any CPU
		{C17D7A9D-0B82-4304-842D-CE2790B9F6A2}.Release|ARM.Build.0 = Release|Any CPU
		{C17D7A9D-0B82-4304-842D-CE2790B9F6A2}.Release|ARM64.ActiveCfg = Release|Any CPU
		{C17D7A9D-0B82-4304-842D-CE2790B9F6A2}.Release|ARM64.Build.0 = Release|Any CPU
		{C17D7A9D-0B82-4304-842D-CE2790B9F6A2}.Release|x64.ActiveCfg = Release|Any CPU
		{C17D7A9D-0B82-4304-842D-CE2790B9F6A2}.Release|x64.Build.0 = Release|Any CPU
		{C17D7A9D-0B82-4304-842D-CE2790B9F6A2}.Release|x86.ActiveCfg = Release|Any CPU
		{C17D7A9D-0B82-4304-842D-CE2790B9F6A2}.Release|x86.Build.0 = Release|Any CPU
	EndGlobalSection
	GlobalSection(SolutionProperties) = preSolution
		HideSolutionNode = FALSE
	EndGlobalSection
	GlobalSection(ExtensibilityGlobals) = postSolution
		SolutionGuid = {5545688D-5CC6-4DC4-91C3-A71C7245377D}
	EndGlobalSection
EndGlobal
